
Microsoft Visual Studio Solution File, Format Version 12.00
# Visual Studio Version 16
VisualStudioVersion = 16.0.29519.87
MinimumVisualStudioVersion = 10.0.40219.1
Project("{FAE04EC0-301F-11D3-BF4B-00C04F79EFBC}") = "Sequence Equation", "Sequence Equation.csproj", "{23358E56-1B79-4A84-9E30-BC121F4ECA4B}"
EndProject
Global
	GlobalSection(SolutionConfigurationPlatforms) = preSolution
		Debug|Any CPU = Debug|Any CPU
		Release|Any CPU = Release|Any CPU
	EndGlobalSection
	GlobalSection(ProjectConfigurationPlatforms) = postSolution
		{23358E56-1B79-4A84-9E30-BC121F4ECA4B}.Debug|Any CPU.ActiveCfg = Debug|Any CPU
		{23358E56-1B79-4A84-9E30-BC121F4ECA4B}.Debug|Any CPU.Build.0 = Debug|Any CPU
		{23358E56-1B79-4A84-9E30-BC121F4ECA4B}.Release|Any CPU.ActiveCfg = Release|Any CPU
		{23358E56-1B79-4A84-9E30-BC121F4ECA4B}.Release|Any CPU.Build.0 = Release|Any CPU
	EndGlobalSection
	GlobalSection(SolutionProperties) = preSolution
		HideSolutionNode = FALSE
	EndGlobalSection
	GlobalSection(ExtensibilityGlobals) = postSolution
		SolutionGuid = {5DB372E7-185B-4506-95A1-6B3073A53E39}
	EndGlobalSection
EndGlobal
